// !$*UTF8*$!
{
	archiveVersion = 1;
	classes = {
	};
	objectVersion = 77;
	objects = {

/* Begin PBXBuildFile section */
		AA0001 /* GildongmuKit in Frameworks */ = {isa = PBXBuildFile; productRef = AC0001 /* GildongmuKit */; };
/* End PBXBuildFile section */

/* Begin PBXFileReference section */
		AB0001 /* Gildongmu.app */ = {isa = PBXFileReference; explicitFileType = wrapper.application; includeInIndex = 0; path = Gildongmu.app; sourceTree = BUILT_PRODUCTS_DIR; };
/* End PBXFileReference section */

/* Begin PBXFileSystemSynchronizedRootGroup section */
		AD0001 /* Gildongmu */ = {
			isa = PBXFileSystemSynchronizedRootGroup;
			path = Gildongmu;
			sourceTree = "<group>";
		};
/* End PBXFileSystemSynchronizedRootGroup section */

/* Begin PBXFrameworksBuildPhase section */
		AE0001 /* Frameworks */ = {
			isa = PBXFrameworksBuildPhase;
			buildActionMask = 2147483647;
			files = (
				AA0001 /* GildongmuKit in Frameworks */,
			);
			runOnlyForDeploymentPostprocessing = 0;
		};
/* End PBXFrameworksBuildPhase section */

/* Begin PBXGroup section */
		AF0001 = {
			isa = PBXGroup;
			children = (
				AD0001 /* Gildongmu */,
				AF0002 /* Products */,
			);
			sourceTree = "<group>";
		};
		AF0002 /* Products */ = {
			isa = PBXGroup;
			children = (
				AB0001 /* Gildongmu.app */,
			);
			name = Products;
			sourceTree = "<group>";
		};
/* End PBXGroup section */

/* Begin PBXNativeTarget section */
		B00001 /* Gildongmu */ = {
			isa = PBXNativeTarget;
			buildConfigurationList = B40002 /* Build configuration list for PBXNativeTarget "Gildongmu" */;
			buildPhases = (
				B10001 /* Sources */,
				AE0001 /* Frameworks */,
				B20001 /* Resources */,
				B70001 /* 실험판 InfoPlist 후처리 */,
			);
			buildRules = (
			);
			dependencies = (
			);
			fileSystemSynchronizedGroups = (
				AD0001 /* Gildongmu */,
			);
			name = Gildongmu;
			packageProductDependencies = (
				AC0001 /* GildongmuKit */,
			);
			productName = Gildongmu;
			productReference = AB0001 /* Gildongmu.app */;
			productType = "com.apple.product-type.application";
		};
/* End PBXNativeTarget section */

/* Begin PBXProject section */
		B30001 /* Project object */ = {
			isa = PBXProject;
			attributes = {
				BuildIndependentTargetsInParallel = 1;
				LastUpgradeCheck = 2600;
			};
			buildConfigurationList = B40001 /* Build configuration list for PBXProject "Gildongmu" */;
			developmentRegion = ko;
			hasScannedForEncodings = 0;
			knownRegions = (
				ko,
				en,
				es,
				fr,
				it,
				ja,
				Base,
			);
			mainGroup = AF0001;
			packageReferences = (
				B50001 /* XCLocalSwiftPackageReference "GildongmuKit" */,
			);
			preferredProjectObjectVersion = 77;
			productRefGroup = AF0002 /* Products */;
			projectDirPath = "";
			projectRoot = "";
			targets = (
				B00001 /* Gildongmu */,
			);
		};
/* End PBXProject section */

/* Begin PBXResourcesBuildPhase section */
		B20001 /* Resources */ = {
			isa = PBXResourcesBuildPhase;
			buildActionMask = 2147483647;
			files = (
			);
			runOnlyForDeploymentPostprocessing = 0;
		};
/* End PBXResourcesBuildPhase section */

/* Begin PBXShellScriptBuildPhase section */
		B70001 /* 실험판 InfoPlist 후처리 */ = {
			isa = PBXShellScriptBuildPhase;
			alwaysOutOfDate = 1;
			buildActionMask = 2147483647;
			files = (
			);
			inputFileListPaths = (
			);
			inputPaths = (
			);
			name = "실험판 InfoPlist 후처리";
			outputFileListPaths = (
			);
			outputPaths = (
			);
			runOnlyForDeploymentPostprocessing = 0;
			shellPath = /bin/sh;
			shellScript = "\"$SRCROOT/scripts/experimental-infoplist.sh\"\n";
		};
/* End PBXShellScriptBuildPhase section */

/* Begin PBXSourcesBuildPhase section */
		B10001 /* Sources */ = {
			isa = PBXSourcesBuildPhase;
			buildActionMask = 2147483647;
			files = (
			);
			runOnlyForDeploymentPostprocessing = 0;
		};
/* End PBXSourcesBuildPhase section */

/* Begin XCBuildConfiguration section */
		B60001 /* Debug */ = {
			isa = XCBuildConfiguration;
			buildSettings = {
				CLANG_ANALYZER_NONNULL = YES;
				DEBUG_INFORMATION_FORMAT = dwarf;
				ENABLE_TESTABILITY = YES;
				GCC_OPTIMIZATION_LEVEL = 0;
				IPHONEOS_DEPLOYMENT_TARGET = 18.0;
				ONLY_ACTIVE_ARCH = YES;
				SDKROOT = iphoneos;
				SWIFT_ACTIVE_COMPILATION_CONDITIONS = "DEBUG $(inherited)";
				SWIFT_OPTIMIZATION_LEVEL = "-Onone";
				SWIFT_VERSION = 6.0;
			};
			name = Debug;
		};
		B60002 /* Release */ = {
			isa = XCBuildConfiguration;
			buildSettings = {
				DEBUG_INFORMATION_FORMAT = "dwarf-with-dsym";
				IPHONEOS_DEPLOYMENT_TARGET = 18.0;
				SDKROOT = iphoneos;
				SWIFT_COMPILATION_MODE = wholemodule;
				SWIFT_VERSION = 6.0;
				VALIDATE_PRODUCT = YES;
			};
			name = Release;
		};
		B60003 /* Debug */ = {
			isa = XCBuildConfiguration;
			buildSettings = {
				ASSETCATALOG_COMPILER_APPICON_NAME = AppIcon;
				ASSETCATALOG_COMPILER_GENERATE_ASSET_SYMBOL_EXTENSIONS = YES;
				CODE_SIGN_STYLE = Automatic;
				CURRENT_PROJECT_VERSION = 19;
				DEVELOPMENT_TEAM = 72JQ7VD4V5;
				ENABLE_PREVIEWS = YES;
				GENERATE_INFOPLIST_FILE = YES;
				INFOPLIST_FILE = "Support/Info.plist";
				INFOPLIST_KEY_CFBundleDisplayName = "길동무";
				INFOPLIST_KEY_ITSAppUsesNonExemptEncryption = NO;
				INFOPLIST_KEY_NSLocationWhenInUseUsageDescription = "현재 위치에서 가까운 교통, 장소와 생활 정보를 찾기 위해 위치를 사용합니다.";
				INFOPLIST_KEY_NSMicrophoneUsageDescription = "검색어와 질문을 음성으로 입력하기 위해 마이크를 사용합니다.";
				INFOPLIST_KEY_NSMotionUsageDescription = "도보 안내로 도착했을 때 걸은 걸음 수를 보여 주기 위해 동작 및 피트니스 데이터를 사용합니다.";
				INFOPLIST_KEY_NSSpeechRecognitionUsageDescription = "받아쓰기를 위해 음성 인식을 사용합니다.";
				INFOPLIST_KEY_UILaunchScreen_Generation = YES;
				INFOPLIST_KEY_UISupportedInterfaceOrientations = UIInterfaceOrientationPortrait;
				LD_RUNPATH_SEARCH_PATHS = (
					"$(inherited)",
					"@executable_path/Frameworks",
				);
				MARKETING_VERSION = 1.12.0;
				PRODUCT_BUNDLE_IDENTIFIER = space.dodoplanet.gildongmu;
				PRODUCT_NAME = "$(TARGET_NAME)";
				TARGETED_DEVICE_FAMILY = 1;
			};
			name = Debug;
		};
		B60004 /* Release */ = {
			isa = XCBuildConfiguration;
			buildSettings = {
				ASSETCATALOG_COMPILER_APPICON_NAME = AppIcon;
				ASSETCATALOG_COMPILER_GENERATE_ASSET_SYMBOL_EXTENSIONS = YES;
				CODE_SIGN_STYLE = Automatic;
				CURRENT_PROJECT_VERSION = 19;
				DEVELOPMENT_TEAM = 72JQ7VD4V5;
				ENABLE_PREVIEWS = YES;
				GENERATE_INFOPLIST_FILE = YES;
				INFOPLIST_FILE = "Support/Info.plist";
				INFOPLIST_KEY_CFBundleDisplayName = "길동무";
				INFOPLIST_KEY_ITSAppUsesNonExemptEncryption = NO;
				INFOPLIST_KEY_NSLocationWhenInUseUsageDescription = "현재 위치에서 가까운 교통, 장소와 생활 정보를 찾기 위해 위치를 사용합니다.";
				INFOPLIST_KEY_NSMicrophoneUsageDescription = "검색어와 질문을 음성으로 입력하기 위해 마이크를 사용합니다.";
				INFOPLIST_KEY_NSMotionUsageDescription = "도보 안내로 도착했을 때 걸은 걸음 수를 보여 주기 위해 동작 및 피트니스 데이터를 사용합니다.";
				INFOPLIST_KEY_NSSpeechRecognitionUsageDescription = "받아쓰기를 위해 음성 인식을 사용합니다.";
				INFOPLIST_KEY_UILaunchScreen_Generation = YES;
				INFOPLIST_KEY_UISupportedInterfaceOrientations = UIInterfaceOrientationPortrait;
				LD_RUNPATH_SEARCH_PATHS = (
					"$(inherited)",
					"@executable_path/Frameworks",
				);
				MARKETING_VERSION = 1.12.0;
				PRODUCT_BUNDLE_IDENTIFIER = space.dodoplanet.gildongmu;
				PRODUCT_NAME = "$(TARGET_NAME)";
				TARGETED_DEVICE_FAMILY = 1;
			};
			name = Release;
		};
		B60005 /* Experimental */ = {
			isa = XCBuildConfiguration;
			buildSettings = {
				DEBUG_INFORMATION_FORMAT = "dwarf-with-dsym";
				IPHONEOS_DEPLOYMENT_TARGET = 18.0;
				SDKROOT = iphoneos;
				SWIFT_ACTIVE_COMPILATION_CONDITIONS = "EXPERIMENTAL $(inherited)";
				SWIFT_COMPILATION_MODE = wholemodule;
				SWIFT_VERSION = 6.0;
				VALIDATE_PRODUCT = YES;
			};
			name = Experimental;
		};
		B60006 /* Experimental */ = {
			isa = XCBuildConfiguration;
			buildSettings = {
				ASSETCATALOG_COMPILER_APPICON_NAME = AppIconExperimental;
				ASSETCATALOG_COMPILER_GENERATE_ASSET_SYMBOL_EXTENSIONS = YES;
				CODE_SIGN_STYLE = Automatic;
				CURRENT_PROJECT_VERSION = 19;
				DEVELOPMENT_TEAM = 72JQ7VD4V5;
				ENABLE_PREVIEWS = YES;
				GENERATE_INFOPLIST_FILE = YES;
				INFOPLIST_FILE = "Support/Info-Experimental.plist";
				INFOPLIST_KEY_CFBundleDisplayName = "길동무 실험";
				INFOPLIST_KEY_ITSAppUsesNonExemptEncryption = NO;
				INFOPLIST_KEY_NSLocationWhenInUseUsageDescription = "현재 위치에서 가까운 교통, 장소와 생활 정보를 찾고, 목적지까지 남은 거리를 소리로 안내하기 위해 위치를 사용합니다.";
				INFOPLIST_KEY_NSMicrophoneUsageDescription = "검색어와 질문을 음성으로 입력하기 위해 마이크를 사용합니다.";
				INFOPLIST_KEY_NSMotionUsageDescription = "도보 안내로 도착했을 때 걸은 걸음 수를 보여 주기 위해 동작 및 피트니스 데이터를 사용합니다.";
				INFOPLIST_KEY_NSSpeechRecognitionUsageDescription = "받아쓰기를 위해 음성 인식을 사용합니다.";
				INFOPLIST_KEY_UILaunchScreen_Generation = YES;
				INFOPLIST_KEY_UISupportedInterfaceOrientations = UIInterfaceOrientationPortrait;
				LD_RUNPATH_SEARCH_PATHS = (
					"$(inherited)",
					"@executable_path/Frameworks",
				);
				MARKETING_VERSION = 1.12.0;
				PRODUCT_BUNDLE_IDENTIFIER = space.dodoplanet.gildongmu.dev;
				PRODUCT_NAME = "$(TARGET_NAME)";
				TARGETED_DEVICE_FAMILY = 1;
			};
			name = Experimental;
		};
/* End XCBuildConfiguration section */

/* Begin XCConfigurationList section */
		B40001 /* Build configuration list for PBXProject "Gildongmu" */ = {
			isa = XCConfigurationList;
			buildConfigurations = (
				B60001 /* Debug */,
				B60002 /* Release */,
				B60005 /* Experimental */,
			);
			defaultConfigurationIsVisible = 0;
			defaultConfigurationName = Release;
		};
		B40002 /* Build configuration list for PBXNativeTarget "Gildongmu" */ = {
			isa = XCConfigurationList;
			buildConfigurations = (
				B60003 /* Debug */,
				B60004 /* Release */,
				B60006 /* Experimental */,
			);
			defaultConfigurationIsVisible = 0;
			defaultConfigurationName = Release;
		};
/* End XCConfigurationList section */

/* Begin XCLocalSwiftPackageReference section */
		B50001 /* XCLocalSwiftPackageReference "GildongmuKit" */ = {
			isa = XCLocalSwiftPackageReference;
			relativePath = GildongmuKit;
		};
/* End XCLocalSwiftPackageReference section */

/* Begin XCSwiftPackageProductDependency section */
		AC0001 /* GildongmuKit */ = {
			isa = XCSwiftPackageProductDependency;
			productName = GildongmuKit;
		};
/* End XCSwiftPackageProductDependency section */
	};
	rootObject = B30001 /* Project object */;
}
